// !$*UTF8*$!
{
	archiveVersion = 1;
	classes = {
	};
	objectVersion = 46;
	objects = {

/* Begin PBXBuildFile section */
		472FDE9A19DA4B68000C0864 /* Default-1136.png in Resources */ = {isa = PBXBuildFile; fileRef = 472FDE9919DA4B68000C0864 /* Default-1136.png */; };
		47A333FF19D8F34A00F60031 /* Default-1334.png in Resources */ = {isa = PBXBuildFile; fileRef = 47A333FD19D8F34A00F60031 /* Default-1334.png */; };
		47A3340019D8F34A00F60031 /* Default-2208.png in Resources */ = {isa = PBXBuildFile; fileRef = 47A333FE19D8F34A00F60031 /* Default-2208.png */; };
		7F9A78FF18E754A7000CAA69 /* Foundation.framework in Frameworks */ = {isa = PBXBuildFile; fileRef = 7F9A78FE18E754A7000CAA69 /* Foundation.framework */; };
		7F9A790118E754A7000CAA69 /* CoreGraphics.framework in Frameworks */ = {isa = PBXBuildFile; fileRef = 7F9A790018E754A7000CAA69 /* CoreGraphics.framework */; };
		7F9A790318E754A7000CAA69 /* UIKit.framework in Frameworks */ = {isa = PBXBuildFile; fileRef = 7F9A790218E754A7000CAA69 /* UIKit.framework */; };
		7F9A790918E754A7000CAA69 /* InfoPlist.strings in Resources */ = {isa = PBXBuildFile; fileRef = 7F9A790718E754A7000CAA69 /* InfoPlist.strings */; };
		7F9A790B18E754A7000CAA69 /* main.m in Sources */ = {isa = PBXBuildFile; fileRef = 7F9A790A18E754A7000CAA69 /* main.m */; };
		7F9A790F18E754A7000CAA69 /* JTSAppDelegate.m in Sources */ = {isa = PBXBuildFile; fileRef = 7F9A790E18E754A7000CAA69 /* JTSAppDelegate.m */; };
		7F9A791218E754A7000CAA69 /* Main.storyboard in Resources */ = {isa = PBXBuildFile; fileRef = 7F9A791018E754A7000CAA69 /* Main.storyboard */; };
		7F9A791518E754A7000CAA69 /* JTSViewController.m in Sources */ = {isa = PBXBuildFile; fileRef = 7F9A791418E754A7000CAA69 /* JTSViewController.m */; };
		7F9A791718E754A7000CAA69 /* Images.xcassets in Resources */ = {isa = PBXBuildFile; fileRef = 7F9A791618E754A7000CAA69 /* Images.xcassets */; };
		7F9A791E18E754A7000CAA69 /* XCTest.framework in Frameworks */ = {isa = PBXBuildFile; fileRef = 7F9A791D18E754A7000CAA69 /* XCTest.framework */; };
		7F9A791F18E754A7000CAA69 /* Foundation.framework in Frameworks */ = {isa = PBXBuildFile; fileRef = 7F9A78FE18E754A7000CAA69 /* Foundation.framework */; };
		7F9A792018E754A7000CAA69 /* UIKit.framework in Frameworks */ = {isa = PBXBuildFile; fileRef = 7F9A790218E754A7000CAA69 /* UIKit.framework */; };
		7F9A792818E754A7000CAA69 /* InfoPlist.strings in Resources */ = {isa = PBXBuildFile; fileRef = 7F9A792618E754A7000CAA69 /* InfoPlist.strings */; };
		7F9A792A18E754A7000CAA69 /* JTSImageVCTests.m in Sources */ = {isa = PBXBuildFile; fileRef = 7F9A792918E754A7000CAA69 /* JTSImageVCTests.m */; };
		7F9A793618E75541000CAA69 /* JTSImageViewController.m in Sources */ = {isa = PBXBuildFile; fileRef = 7F9A793518E75541000CAA69 /* JTSImageViewController.m */; };
		7F9A793918E75558000CAA69 /* JTSImageInfo.m in Sources */ = {isa = PBXBuildFile; fileRef = 7F9A793818E75558000CAA69 /* JTSImageInfo.m */; };
		7F9A793C18E75593000CAA69 /* JTSSimpleImageDownloader.m in Sources */ = {isa = PBXBuildFile; fileRef = 7F9A793B18E75593000CAA69 /* JTSSimpleImageDownloader.m */; };
		7F9A793F18E755F6000CAA69 /* JTSAnimatedGIFUtility.m in Sources */ = {isa = PBXBuildFile; fileRef = 7F9A793E18E755F6000CAA69 /* JTSAnimatedGIFUtility.m */; };
		7F9A794218E75712000CAA69 /* UIImage+JTSImageEffects.m in Sources */ = {isa = PBXBuildFile; fileRef = 7F9A794118E75712000CAA69 /* UIImage+JTSImageEffects.m */; };
		7FA8566719B2762F00913254 /* banecat-red.png in Resources */ = {isa = PBXBuildFile; fileRef = 7FA8566619B2762F00913254 /* banecat-red.png */; };
		7FE0848218E7C5C600F2F6B4 /* banecat.jpg in Resources */ = {isa = PBXBuildFile; fileRef = 7FE0848118E7C5C600F2F6B4 /* banecat.jpg */; };
		7FE95B4E18EE0E8100F18370 /* UIApplication+JTSImageViewController.m in Sources */ = {isa = PBXBuildFile; fileRef = 7FE95B4D18EE0E8100F18370 /* UIApplication+JTSImageViewController.m */; };
/* End PBXBuildFile section */

/* Begin PBXContainerItemProxy section */
		7F9A792118E754A7000CAA69 /* PBXContainerItemProxy */ = {
			isa = PBXContainerItemProxy;
			containerPortal = 7F9A78F318E754A7000CAA69 /* Project object */;
			proxyType = 1;
			remoteGlobalIDString = 7F9A78FA18E754A7000CAA69;
			remoteInfo = JTSImageVC;
		};
/* End PBXContainerItemProxy section */

/* Begin PBXFileReference section */
		472FDE9919DA4B68000C0864 /* Default-1136.png */ = {isa = PBXFileReference; lastKnownFileType = image.png; path = "Default-1136.png"; sourceTree = "<group>"; };
		47A333FD19D8F34A00F60031 /* Default-1334.png */ = {isa = PBXFileReference; lastKnownFileType = image.png; path = "Default-1334.png"; sourceTree = "<group>"; };
		47A333FE19D8F34A00F60031 /* Default-2208.png */ = {isa = PBXFileReference; lastKnownFileType = image.png; path = "Default-2208.png"; sourceTree = "<group>"; };
		7F9A78FB18E754A7000CAA69 /* JTSImageVC.app */ = {isa = PBXFileReference; explicitFileType = wrapper.application; includeInIndex = 0; path = JTSImageVC.app; sourceTree = BUILT_PRODUCTS_DIR; };
		7F9A78FE18E754A7000CAA69 /* Foundation.framework */ = {isa = PBXFileReference; lastKnownFileType = wrapper.framework; name = Foundation.framework; path = System/Library/Frameworks/Foundation.framework; sourceTree = SDKROOT; };
		7F9A790018E754A7000CAA69 /* CoreGraphics.framework */ = {isa = PBXFileReference; lastKnownFileType = wrapper.framework; name = CoreGraphics.framework; path = System/Library/Frameworks/CoreGraphics.framework; sourceTree = SDKROOT; };
		7F9A790218E754A7000CAA69 /* UIKit.framework */ = {isa = PBXFileReference; lastKnownFileType = wrapper.framework; name = UIKit.framework; path = System/Library/Frameworks/UIKit.framework; sourceTree = SDKROOT; };
		7F9A790618E754A7000CAA69 /* JTSImageVC-Info.plist */ = {isa = PBXFileReference; lastKnownFileType = text.plist.xml; path = "JTSImageVC-Info.plist"; sourceTree = "<group>"; };
		7F9A790818E754A7000CAA69 /* en */ = {isa = PBXFileReference; lastKnownFileType = text.plist.strings; name = en; path = en.lproj/InfoPlist.strings; sourceTree = "<group>"; };
		7F9A790A18E754A7000CAA69 /* main.m */ = {isa = PBXFileReference; lastKnownFileType = sourcecode.c.objc; path = main.m; sourceTree = "<group>"; };
		7F9A790C18E754A7000CAA69 /* JTSImageVC-Prefix.pch */ = {isa = PBXFileReference; lastKnownFileType = sourcecode.c.h; path = "JTSImageVC-Prefix.pch"; sourceTree = "<group>"; };
		7F9A790D18E754A7000CAA69 /* JTSAppDelegate.h */ = {isa = PBXFileReference; lastKnownFileType = sourcecode.c.h; path = JTSAppDelegate.h; sourceTree = "<group>"; };
		7F9A790E18E754A7000CAA69 /* JTSAppDelegate.m */ = {isa = PBXFileReference; lastKnownFileType = sourcecode.c.objc; path = JTSAppDelegate.m; sourceTree = "<group>"; };
		7F9A791118E754A7000CAA69 /* Base */ = {isa = PBXFileReference; lastKnownFileType = file.storyboard; name = Base; path = Base.lproj/Main.storyboard; sourceTree = "<group>"; };
		7F9A791318E754A7000CAA69 /* JTSViewController.h */ = {isa = PBXFileReference; lastKnownFileType = sourcecode.c.h; path = JTSViewController.h; sourceTree = "<group>"; };
		7F9A791418E754A7000CAA69 /* JTSViewController.m */ = {isa = PBXFileReference; lastKnownFileType = sourcecode.c.objc; path = JTSViewController.m; sourceTree = "<group>"; };
		7F9A791618E754A7000CAA69 /* Images.xcassets */ = {isa = PBXFileReference; lastKnownFileType = folder.assetcatalog; path = Images.xcassets; sourceTree = "<group>"; };
		7F9A791C18E754A7000CAA69 /* JTSImageVCTests.xctest */ = {isa = PBXFileReference; explicitFileType = wrapper.cfbundle; includeInIndex = 0; path = JTSImageVCTests.xctest; sourceTree = BUILT_PRODUCTS_DIR; };
		7F9A791D18E754A7000CAA69 /* XCTest.framework */ = {isa = PBXFileReference; lastKnownFileType = wrapper.framework; name = XCTest.framework; path = Library/Frameworks/XCTest.framework; sourceTree = DEVELOPER_DIR; };
		7F9A792518E754A7000CAA69 /* JTSImageVCTests-Info.plist */ = {isa = PBXFileReference; lastKnownFileType = text.plist.xml; path = "JTSImageVCTests-Info.plist"; sourceTree = "<group>"; };
		7F9A792718E754A7000CAA69 /* en */ = {isa = PBXFileReference; lastKnownFileType = text.plist.strings; name = en; path = en.lproj/InfoPlist.strings; sourceTree = "<group>"; };
		7F9A792918E754A7000CAA69 /* JTSImageVCTests.m */ = {isa = PBXFileReference; lastKnownFileType = sourcecode.c.objc; path = JTSImageVCTests.m; sourceTree = "<group>"; };
		7F9A793418E75541000CAA69 /* JTSImageViewController.h */ = {isa = PBXFileReference; fileEncoding = 4; lastKnownFileType = sourcecode.c.h; name = JTSImageViewController.h; path = ../../../Source/JTSImageViewController.h; sourceTree = "<group>"; };
		7F9A793518E75541000CAA69 /* JTSImageViewController.m */ = {isa = PBXFileReference; fileEncoding = 4; lastKnownFileType = sourcecode.c.objc; name = JTSImageViewController.m; path = ../../../Source/JTSImageViewController.m; sourceTree = "<group>"; };
		7F9A793718E75558000CAA69 /* JTSImageInfo.h */ = {isa = PBXFileReference; fileEncoding = 4; lastKnownFileType = sourcecode.c.h; name = JTSImageInfo.h; path = ../../../Source/JTSImageInfo.h; sourceTree = "<group>"; };
		7F9A793818E75558000CAA69 /* JTSImageInfo.m */ = {isa = PBXFileReference; fileEncoding = 4; lastKnownFileType = sourcecode.c.objc; name = JTSImageInfo.m; path = ../../../Source/JTSImageInfo.m; sourceTree = "<group>"; };
		7F9A793A18E75593000CAA69 /* JTSSimpleImageDownloader.h */ = {isa = PBXFileReference; fileEncoding = 4; lastKnownFileType = sourcecode.c.h; name = JTSSimpleImageDownloader.h; path = ../../../Source/JTSSimpleImageDownloader.h; sourceTree = "<group>"; };
		7F9A793B18E75593000CAA69 /* JTSSimpleImageDownloader.m */ = {isa = PBXFileReference; fileEncoding = 4; lastKnownFileType = sourcecode.c.objc; name = JTSSimpleImageDownloader.m; path = ../../../Source/JTSSimpleImageDownloader.m; sourceTree = "<group>"; };
		7F9A793D18E755F6000CAA69 /* JTSAnimatedGIFUtility.h */ = {isa = PBXFileReference; fileEncoding = 4; lastKnownFileType = sourcecode.c.h; name = JTSAnimatedGIFUtility.h; path = ../../../Source/JTSAnimatedGIFUtility.h; sourceTree = "<group>"; };
		7F9A793E18E755F6000CAA69 /* JTSAnimatedGIFUtility.m */ = {isa = PBXFileReference; fileEncoding = 4; lastKnownFileType = sourcecode.c.objc; name = JTSAnimatedGIFUtility.m; path = ../../../Source/JTSAnimatedGIFUtility.m; sourceTree = "<group>"; };
		7F9A794018E75712000CAA69 /* UIImage+JTSImageEffects.h */ = {isa = PBXFileReference; fileEncoding = 4; lastKnownFileType = sourcecode.c.h; name = "UIImage+JTSImageEffects.h"; path = "../../../Source/UIImage+JTSImageEffects.h"; sourceTree = "<group>"; };
		7F9A794118E75712000CAA69 /* UIImage+JTSImageEffects.m */ = {isa = PBXFileReference; fileEncoding = 4; lastKnownFileType = sourcecode.c.objc; name = "UIImage+JTSImageEffects.m"; path = "../../../Source/UIImage+JTSImageEffects.m"; sourceTree = "<group>"; };
		7FA8566619B2762F00913254 /* banecat-red.png */ = {isa = PBXFileReference; lastKnownFileType = image.png; path = "banecat-red.png"; sourceTree = "<group>"; };
		7FE0848118E7C5C600F2F6B4 /* banecat.jpg */ = {isa = PBXFileReference; lastKnownFileType = image.jpeg; path = banecat.jpg; sourceTree = "<group>"; };
		7FE95B4C18EE0E8100F18370 /* UIApplication+JTSImageViewController.h */ = {isa = PBXFileReference; fileEncoding = 4; lastKnownFileType = sourcecode.c.h; name = "UIApplication+JTSImageViewController.h"; path = "../../../Source/UIApplication+JTSImageViewController.h"; sourceTree = "<group>"; };
		7FE95B4D18EE0E8100F18370 /* UIApplication+JTSImageViewController.m */ = {isa = PBXFileReference; fileEncoding = 4; lastKnownFileType = sourcecode.c.objc; name = "UIApplication+JTSImageViewController.m"; path = "../../../Source/UIApplication+JTSImageViewController.m"; sourceTree = "<group>"; };
/* End PBXFileReference section */

/* Begin PBXFrameworksBuildPhase section */
		7F9A78F818E754A7000CAA69 /* Frameworks */ = {
			isa = PBXFrameworksBuildPhase;
			buildActionMask = 2147483647;
			files = (
				7F9A790118E754A7000CAA69 /* CoreGraphics.framework in Frameworks */,
				7F9A790318E754A7000CAA69 /* UIKit.framework in Frameworks */,
				7F9A78FF18E754A7000CAA69 /* Foundation.framework in Frameworks */,
			);
			runOnlyForDeploymentPostprocessing = 0;
		};
		7F9A791918E754A7000CAA69 /* Frameworks */ = {
			isa = PBXFrameworksBuildPhase;
			buildActionMask = 2147483647;
			files = (
				7F9A791E18E754A7000CAA69 /* XCTest.framework in Frameworks */,
				7F9A792018E754A7000CAA69 /* UIKit.framework in Frameworks */,
				7F9A791F18E754A7000CAA69 /* Foundation.framework in Frameworks */,
			);
			runOnlyForDeploymentPostprocessing = 0;
		};
/* End PBXFrameworksBuildPhase section */

/* Begin PBXGroup section */
		7F9A78F218E754A7000CAA69 = {
			isa = PBXGroup;
			children = (
				7F9A793318E754D9000CAA69 /* Source */,
				7F9A790418E754A7000CAA69 /* Sample App */,
				7F9A792318E754A7000CAA69 /* Sample App Tests */,
				7F9A78FD18E754A7000CAA69 /* Frameworks */,
				7F9A78FC18E754A7000CAA69 /* Products */,
			);
			sourceTree = "<group>";
		};
		7F9A78FC18E754A7000CAA69 /* Products */ = {
			isa = PBXGroup;
			children = (
				7F9A78FB18E754A7000CAA69 /* JTSImageVC.app */,
				7F9A791C18E754A7000CAA69 /* JTSImageVCTests.xctest */,
			);
			name = Products;
			sourceTree = "<group>";
		};
		7F9A78FD18E754A7000CAA69 /* Frameworks */ = {
			isa = PBXGroup;
			children = (
				7F9A78FE18E754A7000CAA69 /* Foundation.framework */,
				7F9A790018E754A7000CAA69 /* CoreGraphics.framework */,
				7F9A790218E754A7000CAA69 /* UIKit.framework */,
				7F9A791D18E754A7000CAA69 /* XCTest.framework */,
			);
			name = Frameworks;
			sourceTree = "<group>";
		};
		7F9A790418E754A7000CAA69 /* Sample App */ = {
			isa = PBXGroup;
			children = (
				7FE0848118E7C5C600F2F6B4 /* banecat.jpg */,
				7FA8566619B2762F00913254 /* banecat-red.png */,
				47A333FD19D8F34A00F60031 /* Default-1334.png */,
				47A333FE19D8F34A00F60031 /* Default-2208.png */,
				472FDE9919DA4B68000C0864 /* Default-1136.png */,
				7F9A790D18E754A7000CAA69 /* JTSAppDelegate.h */,
				7F9A790E18E754A7000CAA69 /* JTSAppDelegate.m */,
				7F9A791018E754A7000CAA69 /* Main.storyboard */,
				7F9A791318E754A7000CAA69 /* JTSViewController.h */,
				7F9A791418E754A7000CAA69 /* JTSViewController.m */,
				7F9A791618E754A7000CAA69 /* Images.xcassets */,
				7F9A790518E754A7000CAA69 /* Supporting Files */,
			);
			name = "Sample App";
			path = JTSImageVC;
			sourceTree = "<group>";
		};
		7F9A790518E754A7000CAA69 /* Supporting Files */ = {
			isa = PBXGroup;
			children = (
				7F9A790618E754A7000CAA69 /* JTSImageVC-Info.plist */,
				7F9A790718E754A7000CAA69 /* InfoPlist.strings */,
				7F9A790A18E754A7000CAA69 /* main.m */,
				7F9A790C18E754A7000CAA69 /* JTSImageVC-Prefix.pch */,
			);
			name = "Supporting Files";
			sourceTree = "<group>";
		};
		7F9A792318E754A7000CAA69 /* Sample App Tests */ = {
			isa = PBXGroup;
			children = (
				7F9A792918E754A7000CAA69 /* JTSImageVCTests.m */,
				7F9A792418E754A7000CAA69 /* Supporting Files */,
			);
			name = "Sample App Tests";
			path = JTSImageVCTests;
			sourceTree = "<group>";
		};
		7F9A792418E754A7000CAA69 /* Supporting Files */ = {
			isa = PBXGroup;
			children = (
				7F9A792518E754A7000CAA69 /* JTSImageVCTests-Info.plist */,
				7F9A792618E754A7000CAA69 /* InfoPlist.strings */,
			);
			name = "Supporting Files";
			sourceTree = "<group>";
		};
		7F9A793318E754D9000CAA69 /* Source */ = {
			isa = PBXGroup;
			children = (
				7F9A793418E75541000CAA69 /* JTSImageViewController.h */,
				7F9A793518E75541000CAA69 /* JTSImageViewController.m */,
				7F9A793718E75558000CAA69 /* JTSImageInfo.h */,
				7F9A793818E75558000CAA69 /* JTSImageInfo.m */,
				7F9A793A18E75593000CAA69 /* JTSSimpleImageDownloader.h */,
				7F9A793B18E75593000CAA69 /* JTSSimpleImageDownloader.m */,
				7F9A793D18E755F6000CAA69 /* JTSAnimatedGIFUtility.h */,
				7F9A793E18E755F6000CAA69 /* JTSAnimatedGIFUtility.m */,
				7F9A794018E75712000CAA69 /* UIImage+JTSImageEffects.h */,
				7F9A794118E75712000CAA69 /* UIImage+JTSImageEffects.m */,
				7FE95B4C18EE0E8100F18370 /* UIApplication+JTSImageViewController.h */,
				7FE95B4D18EE0E8100F18370 /* UIApplication+JTSImageViewController.m */,
			);
			name = Source;
			path = JTSImageVC;
			sourceTree = "<group>";
		};
/* End PBXGroup section */

/* Begin PBXNativeTarget section */
		7F9A78FA18E754A7000CAA69 /* JTSImageVC */ = {
			isa = PBXNativeTarget;
			buildConfigurationList = 7F9A792D18E754A7000CAA69 /* Build configuration list for PBXNativeTarget "JTSImageVC" */;
			buildPhases = (
				7F9A78F718E754A7000CAA69 /* Sources */,
				7F9A78F818E754A7000CAA69 /* Frameworks */,
				7F9A78F918E754A7000CAA69 /* Resources */,
			);
			buildRules = (
			);
			dependencies = (
			);
			name = JTSImageVC;
			productName = JTSImageVC;
			productReference = 7F9A78FB18E754A7000CAA69 /* JTSImageVC.app */;
			productType = "com.apple.product-type.application";
		};
		7F9A791B18E754A7000CAA69 /* JTSImageVCTests */ = {
			isa = PBXNativeTarget;
			buildConfigurationList = 7F9A793018E754A7000CAA69 /* Build configuration list for PBXNativeTarget "JTSImageVCTests" */;
			buildPhases = (
				7F9A791818E754A7000CAA69 /* Sources */,
				7F9A791918E754A7000CAA69 /* Frameworks */,
				7F9A791A18E754A7000CAA69 /* Resources */,
			);
			buildRules = (
			);
			dependencies = (
				7F9A792218E754A7000CAA69 /* PBXTargetDependency */,
			);
			name = JTSImageVCTests;
			productName = JTSImageVCTests;
			productReference = 7F9A791C18E754A7000CAA69 /* JTSImageVCTests.xctest */;
			productType = "com.apple.product-type.bundle.unit-test";
		};
/* End PBXNativeTarget section */

/* Begin PBXProject section */
		7F9A78F318E754A7000CAA69 /* Project object */ = {
			isa = PBXProject;
			attributes = {
				CLASSPREFIX = JTS;
				LastUpgradeCheck = 0700;
				ORGANIZATIONNAME = "Nice Boy, LLC";
				TargetAttributes = {
					7F9A791B18E754A7000CAA69 = {
						TestTargetID = 7F9A78FA18E754A7000CAA69;
					};
				};
			};
			buildConfigurationList = 7F9A78F618E754A7000CAA69 /* Build configuration list for PBXProject "JTSImageVC" */;
			compatibilityVersion = "Xcode 3.2";
			developmentRegion = English;
			hasScannedForEncodings = 0;
			knownRegions = (
				en,
				Base,
			);
			mainGroup = 7F9A78F218E754A7000CAA69;
			productRefGroup = 7F9A78FC18E754A7000CAA69 /* Products */;
			projectDirPath = "";
			projectRoot = "";
			targets = (
				7F9A78FA18E754A7000CAA69 /* JTSImageVC */,
				7F9A791B18E754A7000CAA69 /* JTSImageVCTests */,
			);
		};
/* End PBXProject section */

/* Begin PBXResourcesBuildPhase section */
		7F9A78F918E754A7000CAA69 /* Resources */ = {
			isa = PBXResourcesBuildPhase;
			buildActionMask = 2147483647;
			files = (
				472FDE9A19DA4B68000C0864 /* Default-1136.png in Resources */,
				7FE0848218E7C5C600F2F6B4 /* banecat.jpg in Resources */,
				7FA8566719B2762F00913254 /* banecat-red.png in Resources */,
				47A3340019D8F34A00F60031 /* Default-2208.png in Resources */,
				47A333FF19D8F34A00F60031 /* Default-1334.png in Resources */,
				7F9A791718E754A7000CAA69 /* Images.xcassets in Resources */,
				7F9A790918E754A7000CAA69 /* InfoPlist.strings in Resources */,
				7F9A791218E754A7000CAA69 /* Main.storyboard in Resources */,
			);
			runOnlyForDeploymentPostprocessing = 0;
		};
		7F9A791A18E754A7000CAA69 /* Resources */ = {
			isa = PBXResourcesBuildPhase;
			buildActionMask = 2147483647;
			files = (
				7F9A792818E754A7000CAA69 /* InfoPlist.strings in Resources */,
			);
			runOnlyForDeploymentPostprocessing = 0;
		};
/* End PBXResourcesBuildPhase section */

/* Begin PBXSourcesBuildPhase section */
		7F9A78F718E754A7000CAA69 /* Sources */ = {
			isa = PBXSourcesBuildPhase;
			buildActionMask = 2147483647;
			files = (
				7F9A793918E75558000CAA69 /* JTSImageInfo.m in Sources */,
				7FE95B4E18EE0E8100F18370 /* UIApplication+JTSImageViewController.m in Sources */,
				7F9A791518E754A7000CAA69 /* JTSViewController.m in Sources */,
				7F9A793C18E75593000CAA69 /* JTSSimpleImageDownloader.m in Sources */,
				7F9A790F18E754A7000CAA69 /* JTSAppDelegate.m in Sources */,
				7F9A794218E75712000CAA69 /* UIImage+JTSImageEffects.m in Sources */,
				7F9A793F18E755F6000CAA69 /* JTSAnimatedGIFUtility.m in Sources */,
				7F9A793618E75541000CAA69 /* JTSImageViewController.m in Sources */,
				7F9A790B18E754A7000CAA69 /* main.m in Sources */,
			);
			runOnlyForDeploymentPostprocessing = 0;
		};
		7F9A791818E754A7000CAA69 /* Sources */ = {
			isa = PBXSourcesBuildPhase;
			buildActionMask = 2147483647;
			files = (
				7F9A792A18E754A7000CAA69 /* JTSImageVCTests.m in Sources */,
			);
			runOnlyForDeploymentPostprocessing = 0;
		};
/* End PBXSourcesBuildPhase section */

/* Begin PBXTargetDependency section */
		7F9A792218E754A7000CAA69 /* PBXTargetDependency */ = {
			isa = PBXTargetDependency;
			target = 7F9A78FA18E754A7000CAA69 /* JTSImageVC */;
			targetProxy = 7F9A792118E754A7000CAA69 /* PBXContainerItemProxy */;
		};
/* End PBXTargetDependency section */

/* Begin PBXVariantGroup section */
		7F9A790718E754A7000CAA69 /* InfoPlist.strings */ = {
			isa = PBXVariantGroup;
			children = (
				7F9A790818E754A7000CAA69 /* en */,
			);
			name = InfoPlist.strings;
			sourceTree = "<group>";
		};
		7F9A791018E754A7000CAA69 /* Main.storyboard */ = {
			isa = PBXVariantGroup;
			children = (
				7F9A791118E754A7000CAA69 /* Base */,
			);
			name = Main.storyboard;
			sourceTree = "<group>";
		};
		7F9A792618E754A7000CAA69 /* InfoPlist.strings */ = {
			isa = PBXVariantGroup;
			children = (
				7F9A792718E754A7000CAA69 /* en */,
			);
			name = InfoPlist.strings;
			sourceTree = "<group>";
		};
/* End PBXVariantGroup section */

/* Begin XCBuildConfiguration section */
		7F9A792B18E754A7000CAA69 /* Debug */ = {
			isa = XCBuildConfiguration;
			buildSettings = {
				ALWAYS_SEARCH_USER_PATHS = NO;
				CLANG_CXX_LANGUAGE_STANDARD = "gnu++0x";
				CLANG_CXX_LIBRARY = "libc++";
				CLANG_ENABLE_MODULES = YES;
				CLANG_ENABLE_OBJC_ARC = YES;
				CLANG_WARN_BOOL_CONVERSION = YES;
				CLANG_WARN_CONSTANT_CONVERSION = YES;
				CLANG_WARN_DIRECT_OBJC_ISA_USAGE = YES_ERROR;
				CLANG_WARN_EMPTY_BODY = YES;
				CLANG_WARN_ENUM_CONVERSION = YES;
				CLANG_WARN_INT_CONVERSION = YES;
				CLANG_WARN_OBJC_ROOT_CLASS = YES_ERROR;
				CLANG_WARN__DUPLICATE_METHOD_MATCH = YES;
				"CODE_SIGN_IDENTITY[sdk=iphoneos*]" = "iPhone Developer";
				COPY_PHASE_STRIP = NO;
				ENABLE_TESTABILITY = YES;
				GCC_C_LANGUAGE_STANDARD = gnu99;
				GCC_DYNAMIC_NO_PIC = NO;
				GCC_OPTIMIZATION_LEVEL = 0;
				GCC_PREPROCESSOR_DEFINITIONS = (
					"DEBUG=1",
					"$(inherited)",
				);
				GCC_SYMBOLS_PRIVATE_EXTERN = NO;
				GCC_WARN_64_TO_32_BIT_CONVERSION = YES;
				GCC_WARN_ABOUT_RETURN_TYPE = YES_ERROR;
				GCC_WARN_UNDECLARED_SELECTOR = YES;
				GCC_WARN_UNINITIALIZED_AUTOS = YES_AGGRESSIVE;
				GCC_WARN_UNUSED_FUNCTION = YES;
				GCC_WARN_UNUSED_VARIABLE = YES;
				IPHONEOS_DEPLOYMENT_TARGET = 7.1;
				ONLY_ACTIVE_ARCH = YES;
				SDKROOT = iphoneos;
			};
			name = Debug;
		};
		7F9A792C18E754A7000CAA69 /* Release */ = {
			isa = XCBuildConfiguration;
			buildSettings = {
				ALWAYS_SEARCH_USER_PATHS = NO;
				CLANG_CXX_LANGUAGE_STANDARD = "gnu++0x";
				CLANG_CXX_LIBRARY = "libc++";
				CLANG_ENABLE_MODULES = YES;
				CLANG_ENABLE_OBJC_ARC = YES;
				CLANG_WARN_BOOL_CONVERSION = YES;
				CLANG_WARN_CONSTANT_CONVERSION = YES;
				CLANG_WARN_DIRECT_OBJC_ISA_USAGE = YES_ERROR;
				CLANG_WARN_EMPTY_BODY = YES;
				CLANG_WARN_ENUM_CONVERSION = YES;
				CLANG_WARN_INT_CONVERSION = YES;
				CLANG_WARN_OBJC_ROOT_CLASS = YES_ERROR;
				CLANG_WARN__DUPLICATE_METHOD_MATCH = YES;
				"CODE_SIGN_IDENTITY[sdk=iphoneos*]" = "iPhone Developer";
				COPY_PHASE_STRIP = YES;
				ENABLE_NS_ASSERTIONS = NO;
				GCC_C_LANGUAGE_STANDARD = gnu99;
				GCC_WARN_64_TO_32_BIT_CONVERSION = YES;
				GCC_WARN_ABOUT_RETURN_TYPE = YES_ERROR;
				GCC_WARN_UNDECLARED_SELECTOR = YES;
				GCC_WARN_UNINITIALIZED_AUTOS = YES_AGGRESSIVE;
				GCC_WARN_UNUSED_FUNCTION = YES;
				GCC_WARN_UNUSED_VARIABLE = YES;
				IPHONEOS_DEPLOYMENT_TARGET = 7.1;
				SDKROOT = iphoneos;
				VALIDATE_PRODUCT = YES;
			};
			name = Release;
		};
		7F9A792E18E754A7000CAA69 /* Debug */ = {
			isa = XCBuildConfiguration;
			buildSettings = {
				ASSETCATALOG_COMPILER_APPICON_NAME = AppIcon;
				ASSETCATALOG_COMPILER_LAUNCHIMAGE_NAME = LaunchImage;
				GCC_PRECOMPILE_PREFIX_HEADER = YES;
				GCC_PREFIX_HEADER = "JTSImageVC/JTSImageVC-Prefix.pch";
				INFOPLIST_FILE = "JTSImageVC/JTSImageVC-Info.plist";
				IPHONEOS_DEPLOYMENT_TARGET = 7.0;
				PRODUCT_BUNDLE_IDENTIFIER = "com.jaredsinclair.${PRODUCT_NAME:rfc1034identifier}";
				PRODUCT_NAME = "$(TARGET_NAME)";
				WARNING_CFLAGS = "";
				WRAPPER_EXTENSION = app;
			};
			name = Debug;
		};
		7F9A792F18E754A7000CAA69 /* Release */ = {
			isa = XCBuildConfiguration;
			buildSettings = {
				ASSETCATALOG_COMPILER_APPICON_NAME = AppIcon;
				ASSETCATALOG_COMPILER_LAUNCHIMAGE_NAME = LaunchImage;
				GCC_PRECOMPILE_PREFIX_HEADER = YES;
				GCC_PREFIX_HEADER = "JTSImageVC/JTSImageVC-Prefix.pch";
				INFOPLIST_FILE = "JTSImageVC/JTSImageVC-Info.plist";
				IPHONEOS_DEPLOYMENT_TARGET = 7.0;
				PRODUCT_BUNDLE_IDENTIFIER = "com.jaredsinclair.${PRODUCT_NAME:rfc1034identifier}";
				PRODUCT_NAME = "$(TARGET_NAME)";
				WARNING_CFLAGS = "";
				WRAPPER_EXTENSION = app;
			};
			name = Release;
		};
		7F9A793118E754A7000CAA69 /* Debug */ = {
			isa = XCBuildConfiguration;
			buildSettings = {
				BUNDLE_LOADER = "$(BUILT_PRODUCTS_DIR)/JTSImageVC.app/JTSImageVC";
				FRAMEWORK_SEARCH_PATHS = (
					"$(inherited)",
					"$(DEVELOPER_FRAMEWORKS_DIR)",
				);
				GCC_PRECOMPILE_PREFIX_HEADER = YES;
				GCC_PREFIX_HEADER = "JTSImageVC/JTSImageVC-Prefix.pch";
				GCC_PREPROCESSOR_DEFINITIONS = (
					"DEBUG=1",
					"$(inherited)",
				);
				INFOPLIST_FILE = "JTSImageVCTests/JTSImageVCTests-Info.plist";
				PRODUCT_BUNDLE_IDENTIFIER = "com.niceboy.${PRODUCT_NAME:rfc1034identifier}";
				PRODUCT_NAME = "$(TARGET_NAME)";
				TEST_HOST = "$(BUNDLE_LOADER)";
				WRAPPER_EXTENSION = xctest;
			};
			name = Debug;
		};
		7F9A793218E754A7000CAA69 /* Release */ = {
			isa = XCBuildConfiguration;
			buildSettings = {
				BUNDLE_LOADER = "$(BUILT_PRODUCTS_DIR)/JTSImageVC.app/JTSImageVC";
				FRAMEWORK_SEARCH_PATHS = (
					"$(inherited)",
					"$(DEVELOPER_FRAMEWORKS_DIR)",
				);
				GCC_PRECOMPILE_PREFIX_HEADER = YES;
				GCC_PREFIX_HEADER = "JTSImageVC/JTSImageVC-Prefix.pch";
				INFOPLIST_FILE = "JTSImageVCTests/JTSImageVCTests-Info.plist";
				PRODUCT_BUNDLE_IDENTIFIER = "com.niceboy.${PRODUCT_NAME:rfc1034identifier}";
				PRODUCT_NAME = "$(TARGET_NAME)";
				TEST_HOST = "$(BUNDLE_LOADER)";
				WRAPPER_EXTENSION = xctest;
			};
			name = Release;
		};
/* End XCBuildConfiguration section */

/* Begin XCConfigurationList section */
		7F9A78F618E754A7000CAA69 /* Build configuration list for PBXProject "JTSImageVC" */ = {
			isa = XCConfigurationList;
			buildConfigurations = (
				7F9A792B18E754A7000CAA69 /* Debug */,
				7F9A792C18E754A7000CAA69 /* Release */,
			);
			defaultConfigurationIsVisible = 0;
			defaultConfigurationName = Release;
		};
		7F9A792D18E754A7000CAA69 /* Build configuration list for PBXNativeTarget "JTSImageVC" */ = {
			isa = XCConfigurationList;
			buildConfigurations = (
				7F9A792E18E754A7000CAA69 /* Debug */,
				7F9A792F18E754A7000CAA69 /* Release */,
			);
			defaultConfigurationIsVisible = 0;
			defaultConfigurationName = Release;
		};
		7F9A793018E754A7000CAA69 /* Build configuration list for PBXNativeTarget "JTSImageVCTests" */ = {
			isa = XCConfigurationList;
			buildConfigurations = (
				7F9A793118E754A7000CAA69 /* Debug */,
				7F9A793218E754A7000CAA69 /* Release */,
			);
			defaultConfigurationIsVisible = 0;
			defaultConfigurationName = Release;
		};
/* End XCConfigurationList section */
	};
	rootObject = 7F9A78F318E754A7000CAA69 /* Project object */;
}
